
Microsoft Visual Studio Solution File, Format Version 12.00
# Visual Studio Version 17
VisualStudioVersion = 17.12.35728.132
MinimumVisualStudioVersion = 10.0.40219.1
Project("{2150E333-8FDC-42A3-9474-1A3956D46DE8}") = "0.Core", "0.Core", "{E74E3A50-C846-47F1-A888-478643BDC1EF}"
EndProject
Project("{2150E333-8FDC-42A3-9474-1A3956D46DE8}") = "1.EnterpriseBusinessRules", "1.EnterpriseBusinessRules", "{7AEEC4D1-CE49-453F-ACB0-D2AC77546010}"
EndProject
Project("{2150E333-8FDC-42A3-9474-1A3956D46DE8}") = "2.ApplicationsBusinessRules", "2.ApplicationsBusinessRules", "{7D65699B-4B9B-4CE0-BBA6-A53D52B445D7}"
EndProject
Project("{2150E333-8FDC-42A3-9474-1A3956D46DE8}") = "3.InterfaceAdapters", "3.InterfaceAdapters", "{C1E1F60D-7B85-4CAA-B43A-B03CAF9E5374}"
EndProject
Project("{2150E333-8FDC-42A3-9474-1A3956D46DE8}") = "4.FrameworksAndDrivers", "4.FrameworksAndDrivers", "{80654649-2CE2-4267-A190-4C4CCD329D34}"
EndProject
Project("{2150E333-8FDC-42A3-9474-1A3956D46DE8}") = "Entities", "Entities", "{6C8E9806-FA5D-4C4D-A0F1-934D6B29CADE}"
EndProject
Project("{FAE04EC0-301F-11D3-BF4B-00C04F79EFBC}") = "QuesosKesada.OrderSales.Entity", "QuesosKesada.OrderSales.Entity\QuesosKesada.OrderSales.Entity.csproj", "{9E0010E7-ABBE-43E3-9D92-DB1859D97002}"
EndProject
Project("{FAE04EC0-301F-11D3-BF4B-00C04F79EFBC}") = "QuesosKesada.OrderSales.BusinessObjects", "QuesosKesada.OrderSales.BusinessObjects\QuesosKesada.OrderSales.BusinessObjects.csproj", "{E857DBFC-BFF7-468C-A6E4-61C18FE577B1}"
EndProject
Project("{FAE04EC0-301F-11D3-BF4B-00C04F79EFBC}") = "QuesosKesada.OrderSales.UseCase", "QuesosKesada.OrderSales.UseCase\QuesosKesada.OrderSales.UseCase.csproj", "{CEBE5530-4E9C-45B9-AADA-3E726CBE3472}"
EndProject
Project("{2150E333-8FDC-42A3-9474-1A3956D46DE8}") = "Presenters", "Presenters", "{BD95A608-93B1-473B-BE29-357AEB361396}"
EndProject
Project("{FAE04EC0-301F-11D3-BF4B-00C04F79EFBC}") = "QuesosKesada.OrderSales.Presenters", "QuesosKesada.OrderSales.Presenters\QuesosKesada.OrderSales.Presenters.csproj", "{A6DBCF5C-9C6A-44C8-9854-93BB1E574BBF}"
EndProject
Project("{2150E333-8FDC-42A3-9474-1A3956D46DE8}") = "Guards", "Guards", "{02EA681E-C7D8-13C7-8484-4AC65E1B71E8}"
EndProject
Project("{FAE04EC0-301F-11D3-BF4B-00C04F79EFBC}") = "QuesosKesada.Shared.Guards", "QuesosKesada.Shared.Guards\QuesosKesada.Shared.Guards.csproj", "{0DEB608E-AE5E-4870-9C7E-38D35BAE8874}"
EndProject
Project("{2150E333-8FDC-42A3-9474-1A3956D46DE8}") = "DataContext", "DataContext", "{B9D1EF42-ADE1-4FCC-BE13-4425C0735448}"
EndProject
Project("{2150E333-8FDC-42A3-9474-1A3956D46DE8}") = "Repositories", "Repositories", "{37EB09FC-0134-4D24-B365-E7CD4BFE1F3A}"
EndProject
Project("{FAE04EC0-301F-11D3-BF4B-00C04F79EFBC}") = "QuesosKesada.OrderSales.Repository", "QuesosKesada.OrderSales.Repository\QuesosKesada.OrderSales.Repository.csproj", "{D0AE5039-008F-1CF6-B1DB-60138CBE23DD}"
EndProject
Project("{2150E333-8FDC-42A3-9474-1A3956D46DE8}") = "ViewModels", "ViewModels", "{F282AE0D-BEC7-4933-8570-7E1A7AB0DD9C}"
EndProject
Project("{FAE04EC0-301F-11D3-BF4B-00C04F79EFBC}") = "QuesosKesada.OrderSales.ViewModels", "QuesosKesada.OrderSales.ViewModels\QuesosKesada.OrderSales.ViewModels.csproj", "{E51BE5C5-92A3-464C-80BE-AF731FCE639D}"
EndProject
Project("{2150E333-8FDC-42A3-9474-1A3956D46DE8}") = "UserInterface", "UserInterface", "{6438A508-5F18-45AF-9FE3-F0F55B94F41E}"
EndProject
Project("{FAE04EC0-301F-11D3-BF4B-00C04F79EFBC}") = "QuesosKesada.UI", "QuesosKesada.UI\QuesosKesada.UI.csproj", "{67BE7905-16C1-49C6-8D62-39237875B4FE}"
EndProject
Project("{FAE04EC0-301F-11D3-BF4B-00C04F79EFBC}") = "QuesosKesada.UI.WPF", "QuesosKesada.UI.WPF\QuesosKesada.UI.WPF.csproj", "{4E9FC422-F705-47A2-89CB-B66E8E90F79D}"
EndProject
Project("{2150E333-8FDC-42A3-9474-1A3956D46DE8}") = "BlazorComponents", "BlazorComponents", "{9B4C8FD6-49C2-4A8A-95F7-8C616382610D}"
EndProject
Project("{FAE04EC0-301F-11D3-BF4B-00C04F79EFBC}") = "QuesosKesada.BlazorComponents", "QuesosKesada.BlazorComponents\QuesosKesada.BlazorComponents.csproj", "{96790A99-1E46-758B-9E20-AE9071A8E0B7}"
EndProject
Global
	GlobalSection(SolutionConfigurationPlatforms) = preSolution
		Debug|Any CPU = Debug|Any CPU
		Release|Any CPU = Release|Any CPU
	EndGlobalSection
	GlobalSection(ProjectConfigurationPlatforms) = postSolution
		{9E0010E7-ABBE-43E3-9D92-DB1859D97002}.Debug|Any CPU.ActiveCfg = Debug|Any CPU
		{9E0010E7-ABBE-43E3-9D92-DB1859D97002}.Debug|Any CPU.Build.0 = Debug|Any CPU
		{9E0010E7-ABBE-43E3-9D92-DB1859D97002}.Release|Any CPU.ActiveCfg = Release|Any CPU
		{9E0010E7-ABBE-43E3-9D92-DB1859D97002}.Release|Any CPU.Build.0 = Release|Any CPU
		{E857DBFC-BFF7-468C-A6E4-61C18FE577B1}.Debug|Any CPU.ActiveCfg = Debug|Any CPU
		{E857DBFC-BFF7-468C-A6E4-61C18FE577B1}.Debug|Any CPU.Build.0 = Debug|Any CPU
		{E857DBFC-BFF7-468C-A6E4-61C18FE577B1}.Release|Any CPU.ActiveCfg = Release|Any CPU
		{E857DBFC-BFF7-468C-A6E4-61C18FE577B1}.Release|Any CPU.Build.0 = Release|Any CPU
		{CEBE5530-4E9C-45B9-AADA-3E726CBE3472}.Debug|Any CPU.ActiveCfg = Debug|Any CPU
		{CEBE5530-4E9C-45B9-AADA-3E726CBE3472}.Debug|Any CPU.Build.0 = Debug|Any CPU
		{CEBE5530-4E9C-45B9-AADA-3E726CBE3472}.Release|Any CPU.ActiveCfg = Release|Any CPU
		{CEBE5530-4E9C-45B9-AADA-3E726CBE3472}.Release|Any CPU.Build.0 = Release|Any CPU
		{A6DBCF5C-9C6A-44C8-9854-93BB1E574BBF}.Debug|Any CPU.ActiveCfg = Debug|Any CPU
		{A6DBCF5C-9C6A-44C8-9854-93BB1E574BBF}.Debug|Any CPU.Build.0 = Debug|Any CPU
		{A6DBCF5C-9C6A-44C8-9854-93BB1E574BBF}.Release|Any CPU.ActiveCfg = Release|Any CPU
		{A6DBCF5C-9C6A-44C8-9854-93BB1E574BBF}.Release|Any CPU.Build.0 = Release|Any CPU
		{0DEB608E-AE5E-4870-9C7E-38D35BAE8874}.Debug|Any CPU.ActiveCfg = Debug|Any CPU
		{0DEB608E-AE5E-4870-9C7E-38D35BAE8874}.Debug|Any CPU.Build.0 = Debug|Any CPU
		{0DEB608E-AE5E-4870-9C7E-38D35BAE8874}.Release|Any CPU.ActiveCfg = Release|Any CPU
		{0DEB608E-AE5E-4870-9C7E-38D35BAE8874}.Release|Any CPU.Build.0 = Release|Any CPU
		{D0AE5039-008F-1CF6-B1DB-60138CBE23DD}.Debug|Any CPU.ActiveCfg = Debug|Any CPU
		{D0AE5039-008F-1CF6-B1DB-60138CBE23DD}.Debug|Any CPU.Build.0 = Debug|Any CPU
		{D0AE5039-008F-1CF6-B1DB-60138CBE23DD}.Release|Any CPU.ActiveCfg = Release|Any CPU
		{D0AE5039-008F-1CF6-B1DB-60138CBE23DD}.Release|Any CPU.Build.0 = Release|Any CPU
		{E51BE5C5-92A3-464C-80BE-AF731FCE639D}.Debug|Any CPU.ActiveCfg = Debug|Any CPU
		{E51BE5C5-92A3-464C-80BE-AF731FCE639D}.Debug|Any CPU.Build.0 = Debug|Any CPU
		{E51BE5C5-92A3-464C-80BE-AF731FCE639D}.Release|Any CPU.ActiveCfg = Release|Any CPU
		{E51BE5C5-92A3-464C-80BE-AF731FCE639D}.Release|Any CPU.Build.0 = Release|Any CPU
		{67BE7905-16C1-49C6-8D62-39237875B4FE}.Debug|Any CPU.ActiveCfg = Debug|Any CPU
		{67BE7905-16C1-49C6-8D62-39237875B4FE}.Debug|Any CPU.Build.0 = Debug|Any CPU
		{67BE7905-16C1-49C6-8D62-39237875B4FE}.Release|Any CPU.ActiveCfg = Release|Any CPU
		{67BE7905-16C1-49C6-8D62-39237875B4FE}.Release|Any CPU.Build.0 = Release|Any CPU
		{4E9FC422-F705-47A2-89CB-B66E8E90F79D}.Debug|Any CPU.ActiveCfg = Debug|Any CPU
		{4E9FC422-F705-47A2-89CB-B66E8E90F79D}.Debug|Any CPU.Build.0 = Debug|Any CPU
		{4E9FC422-F705-47A2-89CB-B66E8E90F79D}.Release|Any CPU.ActiveCfg = Release|Any CPU
		{4E9FC422-F705-47A2-89CB-B66E8E90F79D}.Release|Any CPU.Build.0 = Release|Any CPU
		{96790A99-1E46-758B-9E20-AE9071A8E0B7}.Debug|Any CPU.ActiveCfg = Debug|Any CPU
		{96790A99-1E46-758B-9E20-AE9071A8E0B7}.Debug|Any CPU.Build.0 = Debug|Any CPU
		{96790A99-1E46-758B-9E20-AE9071A8E0B7}.Release|Any CPU.ActiveCfg = Release|Any CPU
		{96790A99-1E46-758B-9E20-AE9071A8E0B7}.Release|Any CPU.Build.0 = Release|Any CPU
	EndGlobalSection
	GlobalSection(SolutionProperties) = preSolution
		HideSolutionNode = FALSE
	EndGlobalSection
	GlobalSection(NestedProjects) = preSolution
		{7AEEC4D1-CE49-453F-ACB0-D2AC77546010} = {E74E3A50-C846-47F1-A888-478643BDC1EF}
		{7D65699B-4B9B-4CE0-BBA6-A53D52B445D7} = {E74E3A50-C846-47F1-A888-478643BDC1EF}
		{6C8E9806-FA5D-4C4D-A0F1-934D6B29CADE} = {7AEEC4D1-CE49-453F-ACB0-D2AC77546010}
		{9E0010E7-ABBE-43E3-9D92-DB1859D97002} = {6C8E9806-FA5D-4C4D-A0F1-934D6B29CADE}
		{E857DBFC-BFF7-468C-A6E4-61C18FE577B1} = {7D65699B-4B9B-4CE0-BBA6-A53D52B445D7}
		{CEBE5530-4E9C-45B9-AADA-3E726CBE3472} = {7D65699B-4B9B-4CE0-BBA6-A53D52B445D7}
		{BD95A608-93B1-473B-BE29-357AEB361396} = {C1E1F60D-7B85-4CAA-B43A-B03CAF9E5374}
		{A6DBCF5C-9C6A-44C8-9854-93BB1E574BBF} = {BD95A608-93B1-473B-BE29-357AEB361396}
		{02EA681E-C7D8-13C7-8484-4AC65E1B71E8} = {7AEEC4D1-CE49-453F-ACB0-D2AC77546010}
		{0DEB608E-AE5E-4870-9C7E-38D35BAE8874} = {02EA681E-C7D8-13C7-8484-4AC65E1B71E8}
		{B9D1EF42-ADE1-4FCC-BE13-4425C0735448} = {80654649-2CE2-4267-A190-4C4CCD329D34}
		{37EB09FC-0134-4D24-B365-E7CD4BFE1F3A} = {B9D1EF42-ADE1-4FCC-BE13-4425C0735448}
		{D0AE5039-008F-1CF6-B1DB-60138CBE23DD} = {37EB09FC-0134-4D24-B365-E7CD4BFE1F3A}
		{F282AE0D-BEC7-4933-8570-7E1A7AB0DD9C} = {C1E1F60D-7B85-4CAA-B43A-B03CAF9E5374}
		{E51BE5C5-92A3-464C-80BE-AF731FCE639D} = {F282AE0D-BEC7-4933-8570-7E1A7AB0DD9C}
		{6438A508-5F18-45AF-9FE3-F0F55B94F41E} = {80654649-2CE2-4267-A190-4C4CCD329D34}
		{67BE7905-16C1-49C6-8D62-39237875B4FE} = {6438A508-5F18-45AF-9FE3-F0F55B94F41E}
		{4E9FC422-F705-47A2-89CB-B66E8E90F79D} = {6438A508-5F18-45AF-9FE3-F0F55B94F41E}
		{9B4C8FD6-49C2-4A8A-95F7-8C616382610D} = {C1E1F60D-7B85-4CAA-B43A-B03CAF9E5374}
		{96790A99-1E46-758B-9E20-AE9071A8E0B7} = {9B4C8FD6-49C2-4A8A-95F7-8C616382610D}
	EndGlobalSection
	GlobalSection(ExtensibilityGlobals) = postSolution
		SolutionGuid = {B2E0ADE8-F113-479A-A730-086F57CA1BC0}
	EndGlobalSection
EndGlobal
